PODS:
  - Flutter (1.0.0)
  - linkaccount (1.0.2):
    - Flutter
    - LinkedME_LinkAccount
  - LinkedME_LinkAccount (2.4.3)

DEPENDENCIES:
  - Flutter (from `Flutter`)
  - linkaccount (from `.symlinks/plugins/linkaccount/ios`)

SPEC REPOS:
  trunk:
    - LinkedME_LinkAccount

EXTERNAL SOURCES:
  Flutter:
    :path: Flutter
  linkaccount:
    :path: ".symlinks/plugins/linkaccount/ios"

SPEC CHECKSUMS:
  Flutter: 50d75fe2f02b26cc09d224853bb45737f8b3214a
  linkaccount: 508658fd4c3549dcd187ec1c425762b4d59de796
  LinkedME_LinkAccount: 5aac6de448d118bd26ef4e18773ab5060e377342

PODFILE CHECKSUM: 8e679eca47255a8ca8067c4c67aab20e64cb974d

COCOAPODS: 1.10.1
